
Microsoft Visual Studio Solution File, Format Version 12.00
# Visual Studio Version 17
VisualStudioVersion = 17.1.32210.238
MinimumVisualStudioVersion = 10.0.40219.1
Project("{9A19103F-16F7-4668-BE54-9A1E7A4F7556}") = "SamuraiApp.Domain", "SamuraiApp.Domain\SamuraiApp.Domain.csproj", "{B4A2B679-787F-4BA7-ADFB-A674E90CAC17}"
EndProject
Project("{9A19103F-16F7-4668-BE54-9A1E7A4F7556}") = "SamuraiApp.Data", "SamuraiApp.Data\SamuraiApp.Data.csproj", "{5B599A31-6B7D-424F-AF77-E97C3A93ADD8}"
EndProject
Project("{9A19103F-16F7-4668-BE54-9A1E7A4F7556}") = "SamuraiApp.Console", "SamuraiApp.UI\SamuraiApp.Console.csproj", "{17D4A181-484E-41E9-B77F-7B498BAF3DA7}"
EndProject
Project("{9A19103F-16F7-4668-BE54-9A1E7A4F7556}") = "SamuraiApp.Migrator", "SamuraiApp.Migrator\SamuraiApp.Migrator.csproj", "{E638B5BA-3BB9-4C33-B71C-3E05F4BBCBF2}"
EndProject
Project("{FAE04EC0-301F-11D3-BF4B-00C04F79EFBC}") = "SamuraiApp.Host", "SamuraiApp.Host\SamuraiApp.Host.csproj", "{19CF58FE-70D0-4483-850B-C1E5AD862F4D}"
EndProject
Global
	GlobalSection(SolutionConfigurationPlatforms) = preSolution
		Debug|Any CPU = Debug|Any CPU
		Release|Any CPU = Release|Any CPU
	EndGlobalSection
	GlobalSection(ProjectConfigurationPlatforms) = postSolution
		{B4A2B679-787F-4BA7-ADFB-A674E90CAC17}.Debug|Any CPU.ActiveCfg = Debug|Any CPU
		{B4A2B679-787F-4BA7-ADFB-A674E90CAC17}.Debug|Any CPU.Build.0 = Debug|Any CPU
		{B4A2B679-787F-4BA7-ADFB-A674E90CAC17}.Release|Any CPU.ActiveCfg = Release|Any CPU
		{B4A2B679-787F-4BA7-ADFB-A674E90CAC17}.Release|Any CPU.Build.0 = Release|Any CPU
		{5B599A31-6B7D-424F-AF77-E97C3A93ADD8}.Debug|Any CPU.ActiveCfg = Debug|Any CPU
		{5B599A31-6B7D-424F-AF77-E97C3A93ADD8}.Debug|Any CPU.Build.0 = Debug|Any CPU
		{5B599A31-6B7D-424F-AF77-E97C3A93ADD8}.Release|Any CPU.ActiveCfg = Release|Any CPU
		{5B599A31-6B7D-424F-AF77-E97C3A93ADD8}.Release|Any CPU.Build.0 = Release|Any CPU
		{17D4A181-484E-41E9-B77F-7B498BAF3DA7}.Debug|Any CPU.ActiveCfg = Debug|Any CPU
		{17D4A181-484E-41E9-B77F-7B498BAF3DA7}.Debug|Any CPU.Build.0 = Debug|Any CPU
		{17D4A181-484E-41E9-B77F-7B498BAF3DA7}.Release|Any CPU.ActiveCfg = Release|Any CPU
		{17D4A181-484E-41E9-B77F-7B498BAF3DA7}.Release|Any CPU.Build.0 = Release|Any CPU
		{E638B5BA-3BB9-4C33-B71C-3E05F4BBCBF2}.Debug|Any CPU.ActiveCfg = Debug|Any CPU
		{E638B5BA-3BB9-4C33-B71C-3E05F4BBCBF2}.Debug|Any CPU.Build.0 = Debug|Any CPU
		{E638B5BA-3BB9-4C33-B71C-3E05F4BBCBF2}.Release|Any CPU.ActiveCfg = Release|Any CPU
		{E638B5BA-3BB9-4C33-B71C-3E05F4BBCBF2}.Release|Any CPU.Build.0 = Release|Any CPU
		{19CF58FE-70D0-4483-850B-C1E5AD862F4D}.Debug|Any CPU.ActiveCfg = Debug|Any CPU
		{19CF58FE-70D0-4483-850B-C1E5AD862F4D}.Debug|Any CPU.Build.0 = Debug|Any CPU
		{19CF58FE-70D0-4483-850B-C1E5AD862F4D}.Release|Any CPU.ActiveCfg = Release|Any CPU
		{19CF58FE-70D0-4483-850B-C1E5AD862F4D}.Release|Any CPU.Build.0 = Release|Any CPU
	EndGlobalSection
	GlobalSection(SolutionProperties) = preSolution
		HideSolutionNode = FALSE
	EndGlobalSection
	GlobalSection(ExtensibilityGlobals) = postSolution
		SolutionGuid = {B5565B0D-7108-4FBF-A134-C3B05B8A24E4}
	EndGlobalSection
EndGlobal
